
Microsoft Visual Studio Solution File, Format Version 12.00
# Visual Studio Version 17
VisualStudioVersion = 17.0.32112.339
MinimumVisualStudioVersion = 10.0.40219.1
Project("{FAE04EC0-301F-11D3-BF4B-00C04F79EFBC}") = "CarServiceManagement", "CarServiceManagement\CarServiceManagement.csproj", "{A45F0106-EFB2-4CB0-8D43-07D8EE008776}"
EndProject
Global
	GlobalSection(SolutionConfigurationPlatforms) = preSolution
		Debug|Any CPU = Debug|Any CPU
		Release|Any CPU = Release|Any CPU
	EndGlobalSection
	GlobalSection(ProjectConfigurationPlatforms) = postSolution
		{A45F0106-EFB2-4CB0-8D43-07D8EE008776}.Debug|Any CPU.ActiveCfg = Debug|Any CPU
		{A45F0106-EFB2-4CB0-8D43-07D8EE008776}.Debug|Any CPU.Build.0 = Debug|Any CPU
		{A45F0106-EFB2-4CB0-8D43-07D8EE008776}.Release|Any CPU.ActiveCfg = Release|Any CPU
		{A45F0106-EFB2-4CB0-8D43-07D8EE008776}.Release|Any CPU.Build.0 = Release|Any CPU
	EndGlobalSection
	GlobalSection(SolutionProperties) = preSolution
		HideSolutionNode = FALSE
	EndGlobalSection
	GlobalSection(ExtensibilityGlobals) = postSolution
		SolutionGuid = {CCD35121-9E9C-42FA-ACB6-34D8991D00B9}
	EndGlobalSection
EndGlobal
